// !$*UTF8*$!
{
	archiveVersion = 1;
	classes = {
	};
	objectVersion = 46;
	objects = {

/* Begin PBXBuildFile section */
		4E275EF01D3AC685005993FD /* AppDelegate.swift in Sources */ = {isa = PBXBuildFile; fileRef = 4E275EEF1D3AC685005993FD /* AppDelegate.swift */; };
		4E275EF51D3AC685005993FD /* Main.storyboard in Resources */ = {isa = PBXBuildFile; fileRef = 4E275EF31D3AC685005993FD /* Main.storyboard */; };
		4E275EF71D3AC685005993FD /* Assets.xcassets in Resources */ = {isa = PBXBuildFile; fileRef = 4E275EF61D3AC685005993FD /* Assets.xcassets */; };
		4E275EFA1D3AC685005993FD /* LaunchScreen.storyboard in Resources */ = {isa = PBXBuildFile; fileRef = 4E275EF81D3AC685005993FD /* LaunchScreen.storyboard */; };
		4E275F041D3AC919005993FD /* FlickrImageVC.swift in Sources */ = {isa = PBXBuildFile; fileRef = 4E275F031D3AC919005993FD /* FlickrImageVC.swift */; };
		4E275F071D3ACD7F005993FD /* FlickrCollectionViewCell.swift in Sources */ = {isa = PBXBuildFile; fileRef = 4E275F061D3ACD7F005993FD /* FlickrCollectionViewCell.swift */; };
		4E275F0A1D3AD0AC005993FD /* CoreDataStack.swift in Sources */ = {isa = PBXBuildFile; fileRef = 4E275F091D3AD0AC005993FD /* CoreDataStack.swift */; };
		4E275F0D1D3AD199005993FD /* FlickrImageService.swift in Sources */ = {isa = PBXBuildFile; fileRef = 4E275F0C1D3AD199005993FD /* FlickrImageService.swift */; };
		4E275F101D3ADE1A005993FD /* GCDHelper.swift in Sources */ = {isa = PBXBuildFile; fileRef = 4E275F0F1D3ADE1A005993FD /* GCDHelper.swift */; };
		4E275F141D3ADE99005993FD /* FlickrClient.swift in Sources */ = {isa = PBXBuildFile; fileRef = 4E275F131D3ADE99005993FD /* FlickrClient.swift */; };
		4E275F161D3ADEFA005993FD /* FlickrConvenience.swift in Sources */ = {isa = PBXBuildFile; fileRef = 4E275F151D3ADEFA005993FD /* FlickrConvenience.swift */; };
		4E275F181D3AE362005993FD /* FlickrConstants.swift in Sources */ = {isa = PBXBuildFile; fileRef = 4E275F171D3AE362005993FD /* FlickrConstants.swift */; };
		4E275F1B1D3AE748005993FD /* Model.xcdatamodeld in Sources */ = {isa = PBXBuildFile; fileRef = 4E275F191D3AE748005993FD /* Model.xcdatamodeld */; };
/* End PBXBuildFile section */

/* Begin PBXFileReference section */
		4E275EEC1D3AC684005993FD /* flickr-CoreData.app */ = {isa = PBXFileReference; explicitFileType = wrapper.application; includeInIndex = 0; path = "flickr-CoreData.app"; sourceTree = BUILT_PRODUCTS_DIR; };
		4E275EEF1D3AC685005993FD /* AppDelegate.swift */ = {isa = PBXFileReference; lastKnownFileType = sourcecode.swift; path = AppDelegate.swift; sourceTree = "<group>"; };
		4E275EF41D3AC685005993FD /* Base */ = {isa = PBXFileReference; lastKnownFileType = file.storyboard; name = Base; path = Base.lproj/Main.storyboard; sourceTree = "<group>"; };
		4E275EF61D3AC685005993FD /* Assets.xcassets */ = {isa = PBXFileReference; lastKnownFileType = folder.assetcatalog; path = Assets.xcassets; sourceTree = "<group>"; };
		4E275EF91D3AC685005993FD /* Base */ = {isa = PBXFileReference; lastKnownFileType = file.storyboard; name = Base; path = Base.lproj/LaunchScreen.storyboard; sourceTree = "<group>"; };
		4E275EFB1D3AC685005993FD /* Info.plist */ = {isa = PBXFileReference; lastKnownFileType = text.plist.xml; path = Info.plist; sourceTree = "<group>"; };
		4E275F031D3AC919005993FD /* FlickrImageVC.swift */ = {isa = PBXFileReference; fileEncoding = 4; lastKnownFileType = sourcecode.swift; path = FlickrImageVC.swift; sourceTree = "<group>"; };
		4E275F061D3ACD7F005993FD /* FlickrCollectionViewCell.swift */ = {isa = PBXFileReference; fileEncoding = 4; lastKnownFileType = sourcecode.swift; path = FlickrCollectionViewCell.swift; sourceTree = "<group>"; };
		4E275F091D3AD0AC005993FD /* CoreDataStack.swift */ = {isa = PBXFileReference; fileEncoding = 4; lastKnownFileType = sourcecode.swift; path = CoreDataStack.swift; sourceTree = "<group>"; };
		4E275F0C1D3AD199005993FD /* FlickrImageService.swift */ = {isa = PBXFileReference; fileEncoding = 4; lastKnownFileType = sourcecode.swift; path = FlickrImageService.swift; sourceTree = "<group>"; };
		4E275F0F1D3ADE1A005993FD /* GCDHelper.swift */ = {isa = PBXFileReference; fileEncoding = 4; lastKnownFileType = sourcecode.swift; path = GCDHelper.swift; sourceTree = "<group>"; };
		4E275F131D3ADE99005993FD /* FlickrClient.swift */ = {isa = PBXFileReference; fileEncoding = 4; lastKnownFileType = sourcecode.swift; path = FlickrClient.swift; sourceTree = "<group>"; };
		4E275F151D3ADEFA005993FD /* FlickrConvenience.swift */ = {isa = PBXFileReference; fileEncoding = 4; lastKnownFileType = sourcecode.swift; path = FlickrConvenience.swift; sourceTree = "<group>"; };
		4E275F171D3AE362005993FD /* FlickrConstants.swift */ = {isa = PBXFileReference; fileEncoding = 4; lastKnownFileType = sourcecode.swift; path = FlickrConstants.swift; sourceTree = "<group>"; };
		4E275F1A1D3AE748005993FD /* Model.xcdatamodel */ = {isa = PBXFileReference; lastKnownFileType = wrapper.xcdatamodel; path = Model.xcdatamodel; sourceTree = "<group>"; };
/* End PBXFileReference section */

/* Begin PBXFrameworksBuildPhase section */
		4E275EE91D3AC684005993FD /* Frameworks */ = {
			isa = PBXFrameworksBuildPhase;
			buildActionMask = 2147483647;
			files = (
			);
			runOnlyForDeploymentPostprocessing = 0;
		};
/* End PBXFrameworksBuildPhase section */

/* Begin PBXGroup section */
		4E275EE31D3AC684005993FD = {
			isa = PBXGroup;
			children = (
				4E275EEE1D3AC685005993FD /* flickr-CoreData */,
				4E275EED1D3AC684005993FD /* Products */,
			);
			sourceTree = "<group>";
		};
		4E275EED1D3AC684005993FD /* Products */ = {
			isa = PBXGroup;
			children = (
				4E275EEC1D3AC684005993FD /* flickr-CoreData.app */,
			);
			name = Products;
			sourceTree = "<group>";
		};
		4E275EEE1D3AC685005993FD /* flickr-CoreData */ = {
			isa = PBXGroup;
			children = (
				4E275F0E1D3ADDEF005993FD /* Utils */,
				4E275F0B1D3AD17E005993FD /* Services */,
				4E275F081D3AD073005993FD /* Model */,
				4E275F051D3ACD24005993FD /* View */,
				4E275F021D3AC8ED005993FD /* Controller */,
				4E275F011D3AC8DD005993FD /* Assets */,
				4E275EEF1D3AC685005993FD /* AppDelegate.swift */,
				4E275EFB1D3AC685005993FD /* Info.plist */,
				4E275F191D3AE748005993FD /* Model.xcdatamodeld */,
			);
			path = "flickr-CoreData";
			sourceTree = "<group>";
		};
		4E275F011D3AC8DD005993FD /* Assets */ = {
			isa = PBXGroup;
			children = (
				4E275EF81D3AC685005993FD /* LaunchScreen.storyboard */,
				4E275EF61D3AC685005993FD /* Assets.xcassets */,
				4E275EF31D3AC685005993FD /* Main.storyboard */,
			);
			name = Assets;
			sourceTree = "<group>";
		};
		4E275F021D3AC8ED005993FD /* Controller */ = {
			isa = PBXGroup;
			children = (
				4E275F031D3AC919005993FD /* FlickrImageVC.swift */,
			);
			name = Controller;
			sourceTree = "<group>";
		};
		4E275F051D3ACD24005993FD /* View */ = {
			isa = PBXGroup;
			children = (
				4E275F061D3ACD7F005993FD /* FlickrCollectionViewCell.swift */,
			);
			name = View;
			sourceTree = "<group>";
		};
		4E275F081D3AD073005993FD /* Model */ = {
			isa = PBXGroup;
			children = (
				4E275F111D3ADE65005993FD /* Clients */,
				4E275F091D3AD0AC005993FD /* CoreDataStack.swift */,
			);
			name = Model;
			sourceTree = "<group>";
		};
		4E275F0B1D3AD17E005993FD /* Services */ = {
			isa = PBXGroup;
			children = (
				4E275F0C1D3AD199005993FD /* FlickrImageService.swift */,
			);
			name = Services;
			sourceTree = "<group>";
		};
		4E275F0E1D3ADDEF005993FD /* Utils */ = {
			isa = PBXGroup;
			children = (
				4E275F0F1D3ADE1A005993FD /* GCDHelper.swift */,
			);
			name = Utils;
			sourceTree = "<group>";
		};
		4E275F111D3ADE65005993FD /* Clients */ = {
			isa = PBXGroup;
			children = (
				4E275F121D3ADE72005993FD /* Flickr */,
			);
			name = Clients;
			sourceTree = "<group>";
		};
		4E275F121D3ADE72005993FD /* Flickr */ = {
			isa = PBXGroup;
			children = (
				4E275F131D3ADE99005993FD /* FlickrClient.swift */,
				4E275F151D3ADEFA005993FD /* FlickrConvenience.swift */,
				4E275F171D3AE362005993FD /* FlickrConstants.swift */,
			);
			name = Flickr;
			sourceTree = "<group>";
		};
/* End PBXGroup section */

/* Begin PBXNativeTarget section */
		4E275EEB1D3AC684005993FD /* flickr-CoreData */ = {
			isa = PBXNativeTarget;
			buildConfigurationList = 4E275EFE1D3AC685005993FD /* Build configuration list for PBXNativeTarget "flickr-CoreData" */;
			buildPhases = (
				4E275EE81D3AC684005993FD /* Sources */,
				4E275EE91D3AC684005993FD /* Frameworks */,
				4E275EEA1D3AC684005993FD /* Resources */,
			);
			buildRules = (
			);
			dependencies = (
			);
			name = "flickr-CoreData";
			productName = "flickr-CoreData";
			productReference = 4E275EEC1D3AC684005993FD /* flickr-CoreData.app */;
			productType = "com.apple.product-type.application";
		};
/* End PBXNativeTarget section */

/* Begin PBXProject section */
		4E275EE41D3AC684005993FD /* Project object */ = {
			isa = PBXProject;
			attributes = {
				LastSwiftUpdateCheck = 0730;
				LastUpgradeCheck = 0730;
				ORGANIZATIONNAME = "Daniel J Janiak";
				TargetAttributes = {
					4E275EEB1D3AC684005993FD = {
						CreatedOnToolsVersion = 7.3.1;
						DevelopmentTeam = C66PLD3WQ6;
					};
				};
			};
			buildConfigurationList = 4E275EE71D3AC684005993FD /* Build configuration list for PBXProject "flickr-CoreData" */;
			compatibilityVersion = "Xcode 3.2";
			developmentRegion = English;
			hasScannedForEncodings = 0;
			knownRegions = (
				en,
				Base,
			);
			mainGroup = 4E275EE31D3AC684005993FD;
			productRefGroup = 4E275EED1D3AC684005993FD /* Products */;
			projectDirPath = "";
			projectRoot = "";
			targets = (
				4E275EEB1D3AC684005993FD /* flickr-CoreData */,
			);
		};
/* End PBXProject section */

/* Begin PBXResourcesBuildPhase section */
		4E275EEA1D3AC684005993FD /* Resources */ = {
			isa = PBXResourcesBuildPhase;
			buildActionMask = 2147483647;
			files = (
				4E275EFA1D3AC685005993FD /* LaunchScreen.storyboard in Resources */,
				4E275EF71D3AC685005993FD /* Assets.xcassets in Resources */,
				4E275EF51D3AC685005993FD /* Main.storyboard in Resources */,
			);
			runOnlyForDeploymentPostprocessing = 0;
		};
/* End PBXResourcesBuildPhase section */

/* Begin PBXSourcesBuildPhase section */
		4E275EE81D3AC684005993FD /* Sources */ = {
			isa = PBXSourcesBuildPhase;
			buildActionMask = 2147483647;
			files = (
				4E275F041D3AC919005993FD /* FlickrImageVC.swift in Sources */,
				4E275F181D3AE362005993FD /* FlickrConstants.swift in Sources */,
				4E275F0D1D3AD199005993FD /* FlickrImageService.swift in Sources */,
				4E275F161D3ADEFA005993FD /* FlickrConvenience.swift in Sources */,
				4E275F141D3ADE99005993FD /* FlickrClient.swift in Sources */,
				4E275F071D3ACD7F005993FD /* FlickrCollectionViewCell.swift in Sources */,
				4E275EF01D3AC685005993FD /* AppDelegate.swift in Sources */,
				4E275F1B1D3AE748005993FD /* Model.xcdatamodeld in Sources */,
				4E275F101D3ADE1A005993FD /* GCDHelper.swift in Sources */,
				4E275F0A1D3AD0AC005993FD /* CoreDataStack.swift in Sources */,
			);
			runOnlyForDeploymentPostprocessing = 0;
		};
/* End PBXSourcesBuildPhase section */

/* Begin PBXVariantGroup section */
		4E275EF31D3AC685005993FD /* Main.storyboard */ = {
			isa = PBXVariantGroup;
			children = (
				4E275EF41D3AC685005993FD /* Base */,
			);
			name = Main.storyboard;
			sourceTree = "<group>";
		};
		4E275EF81D3AC685005993FD /* LaunchScreen.storyboard */ = {
			isa = PBXVariantGroup;
			children = (
				4E275EF91D3AC685005993FD /* Base */,
			);
			name = LaunchScreen.storyboard;
			sourceTree = "<group>";
		};
/* End PBXVariantGroup section */

/* Begin XCBuildConfiguration section */
		4E275EFC1D3AC685005993FD /* Debug */ = {
			isa = XCBuildConfiguration;
			buildSettings = {
				ALWAYS_SEARCH_USER_PATHS = NO;
				CLANG_ANALYZER_NONNULL = YES;
				CLANG_CXX_LANGUAGE_STANDARD = "gnu++0x";
				CLANG_CXX_LIBRARY = "libc++";
				CLANG_ENABLE_MODULES = YES;
				CLANG_ENABLE_OBJC_ARC = YES;
				CLANG_WARN_BOOL_CONVERSION = YES;
				CLANG_WARN_CONSTANT_CONVERSION = YES;
				CLANG_WARN_DIRECT_OBJC_ISA_USAGE = YES_ERROR;
				CLANG_WARN_EMPTY_BODY = YES;
				CLANG_WARN_ENUM_CONVERSION = YES;
				CLANG_WARN_INT_CONVERSION = YES;
				CLANG_WARN_OBJC_ROOT_CLASS = YES_ERROR;
				CLANG_WARN_UNREACHABLE_CODE = YES;
				CLANG_WARN__DUPLICATE_METHOD_MATCH = YES;
				"CODE_SIGN_IDENTITY[sdk=iphoneos*]" = "iPhone Developer";
				COPY_PHASE_STRIP = NO;
				DEBUG_INFORMATION_FORMAT = dwarf;
				ENABLE_STRICT_OBJC_MSGSEND = YES;
				ENABLE_TESTABILITY = YES;
				GCC_C_LANGUAGE_STANDARD = gnu99;
				GCC_DYNAMIC_NO_PIC = NO;
				GCC_NO_COMMON_BLOCKS = YES;
				GCC_OPTIMIZATION_LEVEL = 0;
				GCC_PREPROCESSOR_DEFINITIONS = (
					"DEBUG=1",
					"$(inherited)",
				);
				GCC_WARN_64_TO_32_BIT_CONVERSION = YES;
				GCC_WARN_ABOUT_RETURN_TYPE = YES_ERROR;
				GCC_WARN_UNDECLARED_SELECTOR = YES;
				GCC_WARN_UNINITIALIZED_AUTOS = YES_AGGRESSIVE;
				GCC_WARN_UNUSED_FUNCTION = YES;
				GCC_WARN_UNUSED_VARIABLE = YES;
				IPHONEOS_DEPLOYMENT_TARGET = 9.3;
				MTL_ENABLE_DEBUG_INFO = YES;
				ONLY_ACTIVE_ARCH = YES;
				SDKROOT = iphoneos;
				SWIFT_OPTIMIZATION_LEVEL = "-Onone";
			};
			name = Debug;
		};
		4E275EFD1D3AC685005993FD /* Release */ = {
			isa = XCBuildConfiguration;
			buildSettings = {
				ALWAYS_SEARCH_USER_PATHS = NO;
				CLANG_ANALYZER_NONNULL = YES;
				CLANG_CXX_LANGUAGE_STANDARD = "gnu++0x";
				CLANG_CXX_LIBRARY = "libc++";
				CLANG_ENABLE_MODULES = YES;
				CLANG_ENABLE_OBJC_ARC = YES;
				CLANG_WARN_BOOL_CONVERSION = YES;
				CLANG_WARN_CONSTANT_CONVERSION = YES;
				CLANG_WARN_DIRECT_OBJC_ISA_USAGE = YES_ERROR;
				CLANG_WARN_EMPTY_BODY = YES;
				CLANG_WARN_ENUM_CONVERSION = YES;
				CLANG_WARN_INT_CONVERSION = YES;
				CLANG_WARN_OBJC_ROOT_CLASS = YES_ERROR;
				CLANG_WARN_UNREACHABLE_CODE = YES;
				CLANG_WARN__DUPLICATE_METHOD_MATCH = YES;
				"CODE_SIGN_IDENTITY[sdk=iphoneos*]" = "iPhone Developer";
				COPY_PHASE_STRIP = NO;
				DEBUG_INFORMATION_FORMAT = "dwarf-with-dsym";
				ENABLE_NS_ASSERTIONS = NO;
				ENABLE_STRICT_OBJC_MSGSEND = YES;
				GCC_C_LANGUAGE_STANDARD = gnu99;
				GCC_NO_COMMON_BLOCKS = YES;
				GCC_WARN_64_TO_32_BIT_CONVERSION = YES;
				GCC_WARN_ABOUT_RETURN_TYPE = YES_ERROR;
				GCC_WARN_UNDECLARED_SELECTOR = YES;
				GCC_WARN_UNINITIALIZED_AUTOS = YES_AGGRESSIVE;
				GCC_WARN_UNUSED_FUNCTION = YES;
				GCC_WARN_UNUSED_VARIABLE = YES;
				IPHONEOS_DEPLOYMENT_TARGET = 9.3;
				MTL_ENABLE_DEBUG_INFO = NO;
				SDKROOT = iphoneos;
				VALIDATE_PRODUCT = YES;
			};
			name = Release;
		};
		4E275EFF1D3AC685005993FD /* Debug */ = {
			isa = XCBuildConfiguration;
			buildSettings = {
				ASSETCATALOG_COMPILER_APPICON_NAME = AppIcon;
				INFOPLIST_FILE = "flickr-CoreData/Info.plist";
				LD_RUNPATH_SEARCH_PATHS = "$(inherited) @executable_path/Frameworks";
				PRODUCT_BUNDLE_IDENTIFIER = "None0716.flickr-CoreData";
				PRODUCT_NAME = "$(TARGET_NAME)";
			};
			name = Debug;
		};
		4E275F001D3AC685005993FD /* Release */ = {
			isa = XCBuildConfiguration;
			buildSettings = {
				ASSETCATALOG_COMPILER_APPICON_NAME = AppIcon;
				INFOPLIST_FILE = "flickr-CoreData/Info.plist";
				LD_RUNPATH_SEARCH_PATHS = "$(inherited) @executable_path/Frameworks";
				PRODUCT_BUNDLE_IDENTIFIER = "None0716.flickr-CoreData";
				PRODUCT_NAME = "$(TARGET_NAME)";
			};
			name = Release;
		};
/* End XCBuildConfiguration section */

/* Begin XCConfigurationList section */
		4E275EE71D3AC684005993FD /* Build configuration list for PBXProject "flickr-CoreData" */ = {
			isa = XCConfigurationList;
			buildConfigurations = (
				4E275EFC1D3AC685005993FD /* Debug */,
				4E275EFD1D3AC685005993FD /* Release */,
			);
			defaultConfigurationIsVisible = 0;
			defaultConfigurationName = Release;
		};
		4E275EFE1D3AC685005993FD /* Build configuration list for PBXNativeTarget "flickr-CoreData" */ = {
			isa = XCConfigurationList;
			buildConfigurations = (
				4E275EFF1D3AC685005993FD /* Debug */,
				4E275F001D3AC685005993FD /* Release */,
			);
			defaultConfigurationIsVisible = 0;
		};
/* End XCConfigurationList section */

/* Begin XCVersionGroup section */
		4E275F191D3AE748005993FD /* Model.xcdatamodeld */ = {
			isa = XCVersionGroup;
			children = (
				4E275F1A1D3AE748005993FD /* Model.xcdatamodel */,
			);
			currentVersion = 4E275F1A1D3AE748005993FD /* Model.xcdatamodel */;
			path = Model.xcdatamodeld;
			sourceTree = "<group>";
			versionGroupType = wrapper.xcdatamodel;
		};
/* End XCVersionGroup section */
	};
	rootObject = 4E275EE41D3AC684005993FD /* Project object */;
}
